PODS:
  - Alamofire (4.8.0)
  - AlamofireImage (3.5.0):
    - Alamofire (~> 4.8)
  - AlamofireNetworkActivityIndicator (2.3.0):
    - Alamofire (~> 4.7)
  - OAuthSwift (1.2.2)
  - PromiseKit (6.7.1):
    - PromiseKit/CorePromise (= 6.7.1)
    - PromiseKit/Foundation (= 6.7.1)
    - PromiseKit/UIKit (= 6.7.1)
  - PromiseKit/Alamofire (6.7.1):
    - Alamofire (~> 4.0)
    - PromiseKit/CorePromise
  - PromiseKit/CorePromise (6.7.1)
  - PromiseKit/Foundation (6.7.1):
    - PromiseKit/CorePromise
  - PromiseKit/UIKit (6.7.1):
    - PromiseKit/CorePromise
  - SwiftLint (0.29.2)
  - TDBadgedCell (5.5.1)

DEPENDENCIES:
  - Alamofire (~> 4.6)
  - AlamofireImage (~> 3.3)
  - AlamofireNetworkActivityIndicator (~> 2.2)
  - OAuthSwift (~> 1.2)
  - PromiseKit (~> 6.0)
  - PromiseKit/Alamofire (~> 6.0)
  - SwiftLint
  - TDBadgedCell (~> 5.2)

SPEC REPOS:
  https://github.com/cocoapods/specs.git:
    - Alamofire
    - AlamofireImage
    - AlamofireNetworkActivityIndicator
    - OAuthSwift
    - PromiseKit
    - SwiftLint
    - TDBadgedCell

SPEC CHECKSUMS:
  Alamofire: 3ec537f71edc9804815215393ae2b1a8ea33a844
  AlamofireImage: 1aea346f4dda2f6c67622fa5a89fcbb80d79cc16
  AlamofireNetworkActivityIndicator: 18346ff6d770d9513d0ac6f2d99706f40f93dbaa
  OAuthSwift: 27b34fe80b76b67cd8f45571e0be2432bc9f6de1
  PromiseKit: ef376fb8b4e92edfeb66bd403b983eaa07fbde0c
  SwiftLint: 47df60bdea6e7e902b193b6596db8683aafd86a3
  TDBadgedCell: 9c651089021510d197f4d2b4892e7ad1f84ff378

PODFILE CHECKSUM: 500646a23fb8b4f2a9acf7d89c4f25226a22d547

COCOAPODS: 1.5.3
