// !$*UTF8*$!
{
	archiveVersion = 1;
	classes = {
	};
	objectVersion = 48;
	objects = {

/* Begin PBXBuildFile section */
		1406C4EA200A87A9008FAD6D /* FeedItem.swift in Sources */ = {isa = PBXBuildFile; fileRef = 1406C4E4200A87A9008FAD6D /* FeedItem.swift */; };
		1406C4EB200A87A9008FAD6D /* Feed.swift in Sources */ = {isa = PBXBuildFile; fileRef = 1406C4E5200A87A9008FAD6D /* Feed.swift */; };
		1406C4EE200A87A9008FAD6D /* Folder.swift in Sources */ = {isa = PBXBuildFile; fileRef = 1406C4E8200A87A9008FAD6D /* Folder.swift */; };
		1468E853201875EA00533653 /* Settings.bundle in Resources */ = {isa = PBXBuildFile; fileRef = 1468E852201875EA00533653 /* Settings.bundle */; };
		147078D420210621005836B9 /* ListViewController.swift in Sources */ = {isa = PBXBuildFile; fileRef = 147078D320210621005836B9 /* ListViewController.swift */; };
		149022C1200E873700D43050 /* FeedViewController.swift in Sources */ = {isa = PBXBuildFile; fileRef = 149022C0200E873700D43050 /* FeedViewController.swift */; };
		149022C3200E87FE00D43050 /* ItemViewController.swift in Sources */ = {isa = PBXBuildFile; fileRef = 149022C2200E87FE00D43050 /* ItemViewController.swift */; };
		149473B92006945B00BB93E4 /* AppDelegate.swift in Sources */ = {isa = PBXBuildFile; fileRef = 149473B82006945B00BB93E4 /* AppDelegate.swift */; };
		149473BC2006945B00BB93E4 /* NCNews.xcdatamodeld in Sources */ = {isa = PBXBuildFile; fileRef = 149473BA2006945B00BB93E4 /* NCNews.xcdatamodeld */; };
		149473BE2006945B00BB93E4 /* FolderViewController.swift in Sources */ = {isa = PBXBuildFile; fileRef = 149473BD2006945B00BB93E4 /* FolderViewController.swift */; };
		149473C02006945B00BB93E4 /* DetailViewController.swift in Sources */ = {isa = PBXBuildFile; fileRef = 149473BF2006945B00BB93E4 /* DetailViewController.swift */; };
		149473C32006945B00BB93E4 /* Main.storyboard in Resources */ = {isa = PBXBuildFile; fileRef = 149473C12006945B00BB93E4 /* Main.storyboard */; };
		149473C52006945B00BB93E4 /* Assets.xcassets in Resources */ = {isa = PBXBuildFile; fileRef = 149473C42006945B00BB93E4 /* Assets.xcassets */; };
		149473C82006945B00BB93E4 /* LaunchScreen.storyboard in Resources */ = {isa = PBXBuildFile; fileRef = 149473C62006945B00BB93E4 /* LaunchScreen.storyboard */; };
		149473D32006945B00BB93E4 /* NCNewsTests.swift in Sources */ = {isa = PBXBuildFile; fileRef = 149473D22006945B00BB93E4 /* NCNewsTests.swift */; };
		149473DE2006945B00BB93E4 /* NCNewsUITests.swift in Sources */ = {isa = PBXBuildFile; fileRef = 149473DD2006945B00BB93E4 /* NCNewsUITests.swift */; };
		149F614A2025DC0C003D8C92 /* DBManager.swift in Sources */ = {isa = PBXBuildFile; fileRef = 149F61492025DC0C003D8C92 /* DBManager.swift */; };
		149F614C2025DCD8003D8C92 /* Sync.swift in Sources */ = {isa = PBXBuildFile; fileRef = 149F614B2025DCD8003D8C92 /* Sync.swift */; };
		14F0BA8D2010EFF500E79715 /* NCColor.swift in Sources */ = {isa = PBXBuildFile; fileRef = 14F0BA8C2010EFF500E79715 /* NCColor.swift */; };
		14F0BA8F2011364A00E79715 /* SettingsViewController.swift in Sources */ = {isa = PBXBuildFile; fileRef = 14F0BA8E2011364A00E79715 /* SettingsViewController.swift */; };
		14F0BA922011384000E79715 /* DefaultConstants.swift in Sources */ = {isa = PBXBuildFile; fileRef = 14F0BA912011384000E79715 /* DefaultConstants.swift */; };
		14F0BA992011E03A00E79715 /* ImageFinder.swift in Sources */ = {isa = PBXBuildFile; fileRef = 14F0BA982011E03A00E79715 /* ImageFinder.swift */; };
		14F268A1200699C50057C660 /* LoginViewController.swift in Sources */ = {isa = PBXBuildFile; fileRef = 14F268A0200699C50057C660 /* LoginViewController.swift */; };
		14F268A420078C130057C660 /* NetworkManager.swift in Sources */ = {isa = PBXBuildFile; fileRef = 14F268A320078C130057C660 /* NetworkManager.swift */; };
		14FF37E0200A2B7B00443AB1 /* NetworkConvenience.swift in Sources */ = {isa = PBXBuildFile; fileRef = 14FF37DF200A2B7B00443AB1 /* NetworkConvenience.swift */; };
		14FF37E2200A2BD900443AB1 /* AccessTokenAdapter.swift in Sources */ = {isa = PBXBuildFile; fileRef = 14FF37E1200A2BD900443AB1 /* AccessTokenAdapter.swift */; };
		14FF37E5200A3EEC00443AB1 /* KeychainPasswordItem.swift in Sources */ = {isa = PBXBuildFile; fileRef = 14FF37E4200A3EEC00443AB1 /* KeychainPasswordItem.swift */; };
		14FF37E7200A3F0F00443AB1 /* KeychainConfiguration.swift in Sources */ = {isa = PBXBuildFile; fileRef = 14FF37E6200A3F0E00443AB1 /* KeychainConfiguration.swift */; };
		14FF37EA200A41EE00443AB1 /* NextCloudAPIAdapter.swift in Sources */ = {isa = PBXBuildFile; fileRef = 14FF37E9200A41EE00443AB1 /* NextCloudAPIAdapter.swift */; };
		14FF37EC200A456400443AB1 /* OauthController.swift in Sources */ = {isa = PBXBuildFile; fileRef = 14FF37EB200A456400443AB1 /* OauthController.swift */; };
		14FF37EE200A45F700443AB1 /* BasicAuthController.swift in Sources */ = {isa = PBXBuildFile; fileRef = 14FF37ED200A45F700443AB1 /* BasicAuthController.swift */; };
		14FF37F0200A5D9800443AB1 /* BasicAuthAdapter.swift in Sources */ = {isa = PBXBuildFile; fileRef = 14FF37EF200A5D9800443AB1 /* BasicAuthAdapter.swift */; };
		2692E1CFCFE08D77C2C3906D /* Pods_NCNews.framework in Frameworks */ = {isa = PBXBuildFile; fileRef = 75176575875F12669E85E527 /* Pods_NCNews.framework */; };
		35CDFB801DFEDA43F9AC707B /* NCNewsObject.swift in Sources */ = {isa = PBXBuildFile; fileRef = 35CDFCE0B9BD5635B290E4AD /* NCNewsObject.swift */; };
		704224654F35DE5214CAC7E8 /* Pods_NCNewsUITests.framework in Frameworks */ = {isa = PBXBuildFile; fileRef = A312B2BAFEF0E170F4016576 /* Pods_NCNewsUITests.framework */; };
		AEFE5565BBD90191ED9A68BD /* Pods_NCNewsTests.framework in Frameworks */ = {isa = PBXBuildFile; fileRef = CE1F17628A23F3C2C434991B /* Pods_NCNewsTests.framework */; };
/* End PBXBuildFile section */

/* Begin PBXContainerItemProxy section */
		149473CF2006945B00BB93E4 /* PBXContainerItemProxy */ = {
			isa = PBXContainerItemProxy;
			containerPortal = 149473AD2006945B00BB93E4 /* Project object */;
			proxyType = 1;
			remoteGlobalIDString = 149473B42006945B00BB93E4;
			remoteInfo = NCNews;
		};
		149473DA2006945B00BB93E4 /* PBXContainerItemProxy */ = {
			isa = PBXContainerItemProxy;
			containerPortal = 149473AD2006945B00BB93E4 /* Project object */;
			proxyType = 1;
			remoteGlobalIDString = 149473B42006945B00BB93E4;
			remoteInfo = NCNews;
		};
/* End PBXContainerItemProxy section */

/* Begin PBXCopyFilesBuildPhase section */
		145102DC2017E97800027400 /* Embed Frameworks */ = {
			isa = PBXCopyFilesBuildPhase;
			buildActionMask = 2147483647;
			dstPath = "";
			dstSubfolderSpec = 10;
			files = (
			);
			name = "Embed Frameworks";
			runOnlyForDeploymentPostprocessing = 0;
		};
/* End PBXCopyFilesBuildPhase section */

/* Begin PBXFileReference section */
		10D1D51E0C56EB1EF273DCAC /* Pods-NCNewsTests.release.xcconfig */ = {isa = PBXFileReference; includeInIndex = 1; lastKnownFileType = text.xcconfig; name = "Pods-NCNewsTests.release.xcconfig"; path = "Pods/Target Support Files/Pods-NCNewsTests/Pods-NCNewsTests.release.xcconfig"; sourceTree = "<group>"; };
		1406C4E4200A87A9008FAD6D /* FeedItem.swift */ = {isa = PBXFileReference; fileEncoding = 4; lastKnownFileType = sourcecode.swift; path = FeedItem.swift; sourceTree = "<group>"; };
		1406C4E5200A87A9008FAD6D /* Feed.swift */ = {isa = PBXFileReference; fileEncoding = 4; lastKnownFileType = sourcecode.swift; path = Feed.swift; sourceTree = "<group>"; };
		1406C4E8200A87A9008FAD6D /* Folder.swift */ = {isa = PBXFileReference; fileEncoding = 4; lastKnownFileType = sourcecode.swift; path = Folder.swift; sourceTree = "<group>"; };
		1468E852201875EA00533653 /* Settings.bundle */ = {isa = PBXFileReference; lastKnownFileType = "wrapper.plug-in"; path = Settings.bundle; sourceTree = "<group>"; };
		147078D320210621005836B9 /* ListViewController.swift */ = {isa = PBXFileReference; lastKnownFileType = sourcecode.swift; path = ListViewController.swift; sourceTree = "<group>"; };
		149022C0200E873700D43050 /* FeedViewController.swift */ = {isa = PBXFileReference; lastKnownFileType = sourcecode.swift; path = FeedViewController.swift; sourceTree = "<group>"; };
		149022C2200E87FE00D43050 /* ItemViewController.swift */ = {isa = PBXFileReference; lastKnownFileType = sourcecode.swift; path = ItemViewController.swift; sourceTree = "<group>"; };
		149473B52006945B00BB93E4 /* NCNews.app */ = {isa = PBXFileReference; explicitFileType = wrapper.application; includeInIndex = 0; path = NCNews.app; sourceTree = BUILT_PRODUCTS_DIR; };
		149473B82006945B00BB93E4 /* AppDelegate.swift */ = {isa = PBXFileReference; lastKnownFileType = sourcecode.swift; path = AppDelegate.swift; sourceTree = "<group>"; };
		149473BB2006945B00BB93E4 /* NCNews.xcdatamodel */ = {isa = PBXFileReference; lastKnownFileType = wrapper.xcdatamodel; path = NCNews.xcdatamodel; sourceTree = "<group>"; };
		149473BD2006945B00BB93E4 /* FolderViewController.swift */ = {isa = PBXFileReference; lastKnownFileType = sourcecode.swift; path = FolderViewController.swift; sourceTree = "<group>"; };
		149473BF2006945B00BB93E4 /* DetailViewController.swift */ = {isa = PBXFileReference; lastKnownFileType = sourcecode.swift; path = DetailViewController.swift; sourceTree = "<group>"; };
		149473C22006945B00BB93E4 /* Base */ = {isa = PBXFileReference; lastKnownFileType = file.storyboard; name = Base; path = Base.lproj/Main.storyboard; sourceTree = "<group>"; };
		149473C42006945B00BB93E4 /* Assets.xcassets */ = {isa = PBXFileReference; lastKnownFileType = folder.assetcatalog; path = Assets.xcassets; sourceTree = "<group>"; };
		149473C72006945B00BB93E4 /* Base */ = {isa = PBXFileReference; lastKnownFileType = file.storyboard; name = Base; path = Base.lproj/LaunchScreen.storyboard; sourceTree = "<group>"; };
		149473C92006945B00BB93E4 /* Info.plist */ = {isa = PBXFileReference; lastKnownFileType = text.plist.xml; path = Info.plist; sourceTree = "<group>"; };
		149473CE2006945B00BB93E4 /* NCNewsTests.xctest */ = {isa = PBXFileReference; explicitFileType = wrapper.cfbundle; includeInIndex = 0; path = NCNewsTests.xctest; sourceTree = BUILT_PRODUCTS_DIR; };
		149473D22006945B00BB93E4 /* NCNewsTests.swift */ = {isa = PBXFileReference; lastKnownFileType = sourcecode.swift; path = NCNewsTests.swift; sourceTree = "<group>"; };
		149473D42006945B00BB93E4 /* Info.plist */ = {isa = PBXFileReference; lastKnownFileType = text.plist.xml; path = Info.plist; sourceTree = "<group>"; };
		149473D92006945B00BB93E4 /* NCNewsUITests.xctest */ = {isa = PBXFileReference; explicitFileType = wrapper.cfbundle; includeInIndex = 0; path = NCNewsUITests.xctest; sourceTree = BUILT_PRODUCTS_DIR; };
		149473DD2006945B00BB93E4 /* NCNewsUITests.swift */ = {isa = PBXFileReference; lastKnownFileType = sourcecode.swift; path = NCNewsUITests.swift; sourceTree = "<group>"; };
		149473DF2006945B00BB93E4 /* Info.plist */ = {isa = PBXFileReference; lastKnownFileType = text.plist.xml; path = Info.plist; sourceTree = "<group>"; };
		149F61492025DC0C003D8C92 /* DBManager.swift */ = {isa = PBXFileReference; lastKnownFileType = sourcecode.swift; path = DBManager.swift; sourceTree = "<group>"; };
		149F614B2025DCD8003D8C92 /* Sync.swift */ = {isa = PBXFileReference; lastKnownFileType = sourcecode.swift; path = Sync.swift; sourceTree = "<group>"; };
		14F0BA8C2010EFF500E79715 /* NCColor.swift */ = {isa = PBXFileReference; lastKnownFileType = sourcecode.swift; path = NCColor.swift; sourceTree = "<group>"; };
		14F0BA8E2011364A00E79715 /* SettingsViewController.swift */ = {isa = PBXFileReference; lastKnownFileType = sourcecode.swift; path = SettingsViewController.swift; sourceTree = "<group>"; };
		14F0BA912011384000E79715 /* DefaultConstants.swift */ = {isa = PBXFileReference; lastKnownFileType = sourcecode.swift; path = DefaultConstants.swift; sourceTree = "<group>"; };
		14F0BA932011DDA000E79715 /* NCNews-Bridging-Header.h */ = {isa = PBXFileReference; lastKnownFileType = sourcecode.c.h; path = "NCNews-Bridging-Header.h"; sourceTree = "<group>"; };
		14F0BA982011E03A00E79715 /* ImageFinder.swift */ = {isa = PBXFileReference; lastKnownFileType = sourcecode.swift; path = ImageFinder.swift; sourceTree = "<group>"; };
		14F268A0200699C50057C660 /* LoginViewController.swift */ = {isa = PBXFileReference; lastKnownFileType = sourcecode.swift; path = LoginViewController.swift; sourceTree = "<group>"; };
		14F268A320078C130057C660 /* NetworkManager.swift */ = {isa = PBXFileReference; lastKnownFileType = sourcecode.swift; path = NetworkManager.swift; sourceTree = "<group>"; };
		14FF37DF200A2B7B00443AB1 /* NetworkConvenience.swift */ = {isa = PBXFileReference; lastKnownFileType = sourcecode.swift; path = NetworkConvenience.swift; sourceTree = "<group>"; };
		14FF37E1200A2BD900443AB1 /* AccessTokenAdapter.swift */ = {isa = PBXFileReference; lastKnownFileType = sourcecode.swift; path = AccessTokenAdapter.swift; sourceTree = "<group>"; };
		14FF37E3200A3E7B00443AB1 /* NCNews.entitlements */ = {isa = PBXFileReference; lastKnownFileType = text.plist.entitlements; path = NCNews.entitlements; sourceTree = "<group>"; };
		14FF37E4200A3EEC00443AB1 /* KeychainPasswordItem.swift */ = {isa = PBXFileReference; fileEncoding = 4; lastKnownFileType = sourcecode.swift; path = KeychainPasswordItem.swift; sourceTree = "<group>"; };
		14FF37E6200A3F0E00443AB1 /* KeychainConfiguration.swift */ = {isa = PBXFileReference; fileEncoding = 4; lastKnownFileType = sourcecode.swift; path = KeychainConfiguration.swift; sourceTree = "<group>"; };
		14FF37E9200A41EE00443AB1 /* NextCloudAPIAdapter.swift */ = {isa = PBXFileReference; lastKnownFileType = sourcecode.swift; path = NextCloudAPIAdapter.swift; sourceTree = "<group>"; };
		14FF37EB200A456400443AB1 /* OauthController.swift */ = {isa = PBXFileReference; lastKnownFileType = sourcecode.swift; path = OauthController.swift; sourceTree = "<group>"; };
		14FF37ED200A45F700443AB1 /* BasicAuthController.swift */ = {isa = PBXFileReference; lastKnownFileType = sourcecode.swift; path = BasicAuthController.swift; sourceTree = "<group>"; };
		14FF37EF200A5D9800443AB1 /* BasicAuthAdapter.swift */ = {isa = PBXFileReference; lastKnownFileType = sourcecode.swift; path = BasicAuthAdapter.swift; sourceTree = "<group>"; };
		2DB9D379A81C2AB17F321B82 /* Pods-NCNewsTests.debug.xcconfig */ = {isa = PBXFileReference; includeInIndex = 1; lastKnownFileType = text.xcconfig; name = "Pods-NCNewsTests.debug.xcconfig"; path = "Pods/Target Support Files/Pods-NCNewsTests/Pods-NCNewsTests.debug.xcconfig"; sourceTree = "<group>"; };
		35CDFCE0B9BD5635B290E4AD /* NCNewsObject.swift */ = {isa = PBXFileReference; fileEncoding = 4; lastKnownFileType = sourcecode.swift; path = NCNewsObject.swift; sourceTree = "<group>"; };
		35CDFD36DCB02D75B242CB8B /* Bladefile */ = {isa = PBXFileReference; fileEncoding = 4; lastKnownFileType = text; path = Bladefile; sourceTree = "<group>"; };
		3E5307B56AF0FFC92870C0AC /* Pods-NCNewsUITests.release.xcconfig */ = {isa = PBXFileReference; includeInIndex = 1; lastKnownFileType = text.xcconfig; name = "Pods-NCNewsUITests.release.xcconfig"; path = "Pods/Target Support Files/Pods-NCNewsUITests/Pods-NCNewsUITests.release.xcconfig"; sourceTree = "<group>"; };
		75176575875F12669E85E527 /* Pods_NCNews.framework */ = {isa = PBXFileReference; explicitFileType = wrapper.framework; includeInIndex = 0; path = Pods_NCNews.framework; sourceTree = BUILT_PRODUCTS_DIR; };
		8C69FBA8AF2EF401E3BECE73 /* Pods-NCNewsUITests.debug.xcconfig */ = {isa = PBXFileReference; includeInIndex = 1; lastKnownFileType = text.xcconfig; name = "Pods-NCNewsUITests.debug.xcconfig"; path = "Pods/Target Support Files/Pods-NCNewsUITests/Pods-NCNewsUITests.debug.xcconfig"; sourceTree = "<group>"; };
		929F5B74F114F0788F2D0546 /* Pods-NCNews.release.xcconfig */ = {isa = PBXFileReference; includeInIndex = 1; lastKnownFileType = text.xcconfig; name = "Pods-NCNews.release.xcconfig"; path = "Pods/Target Support Files/Pods-NCNews/Pods-NCNews.release.xcconfig"; sourceTree = "<group>"; };
		A312B2BAFEF0E170F4016576 /* Pods_NCNewsUITests.framework */ = {isa = PBXFileReference; explicitFileType = wrapper.framework; includeInIndex = 0; path = Pods_NCNewsUITests.framework; sourceTree = BUILT_PRODUCTS_DIR; };
		CE1F17628A23F3C2C434991B /* Pods_NCNewsTests.framework */ = {isa = PBXFileReference; explicitFileType = wrapper.framework; includeInIndex = 0; path = Pods_NCNewsTests.framework; sourceTree = BUILT_PRODUCTS_DIR; };
		ED491D43851C732A514D358A /* Pods-NCNews.debug.xcconfig */ = {isa = PBXFileReference; includeInIndex = 1; lastKnownFileType = text.xcconfig; name = "Pods-NCNews.debug.xcconfig"; path = "Pods/Target Support Files/Pods-NCNews/Pods-NCNews.debug.xcconfig"; sourceTree = "<group>"; };
/* End PBXFileReference section */

/* Begin PBXFrameworksBuildPhase section */
		149473B22006945B00BB93E4 /* Frameworks */ = {
			isa = PBXFrameworksBuildPhase;
			buildActionMask = 2147483647;
			files = (
				2692E1CFCFE08D77C2C3906D /* Pods_NCNews.framework in Frameworks */,
			);
			runOnlyForDeploymentPostprocessing = 0;
		};
		149473CB2006945B00BB93E4 /* Frameworks */ = {
			isa = PBXFrameworksBuildPhase;
			buildActionMask = 2147483647;
			files = (
				AEFE5565BBD90191ED9A68BD /* Pods_NCNewsTests.framework in Frameworks */,
			);
			runOnlyForDeploymentPostprocessing = 0;
		};
		149473D62006945B00BB93E4 /* Frameworks */ = {
			isa = PBXFrameworksBuildPhase;
			buildActionMask = 2147483647;
			files = (
				704224654F35DE5214CAC7E8 /* Pods_NCNewsUITests.framework in Frameworks */,
			);
			runOnlyForDeploymentPostprocessing = 0;
		};
/* End PBXFrameworksBuildPhase section */

/* Begin PBXGroup section */
		1406C4E3200A87A9008FAD6D /* CoreData */ = {
			isa = PBXGroup;
			children = (
				1406C4E4200A87A9008FAD6D /* FeedItem.swift */,
				1406C4E5200A87A9008FAD6D /* Feed.swift */,
				1406C4E8200A87A9008FAD6D /* Folder.swift */,
				35CDFCE0B9BD5635B290E4AD /* NCNewsObject.swift */,
			);
			path = CoreData;
			sourceTree = "<group>";
		};
		149473AC2006945B00BB93E4 = {
			isa = PBXGroup;
			children = (
				149473B72006945B00BB93E4 /* NCNews */,
				149473D12006945B00BB93E4 /* NCNewsTests */,
				149473DC2006945B00BB93E4 /* NCNewsUITests */,
				149473B62006945B00BB93E4 /* Products */,
				D22D2394E8FDF6077F15A59A /* Pods */,
				BF09DEC3BFA4ECE22B412707 /* Frameworks */,
				35CDFD36DCB02D75B242CB8B /* Bladefile */,
				14F0BA932011DDA000E79715 /* NCNews-Bridging-Header.h */,
			);
			sourceTree = "<group>";
		};
		149473B62006945B00BB93E4 /* Products */ = {
			isa = PBXGroup;
			children = (
				149473B52006945B00BB93E4 /* NCNews.app */,
				149473CE2006945B00BB93E4 /* NCNewsTests.xctest */,
				149473D92006945B00BB93E4 /* NCNewsUITests.xctest */,
			);
			name = Products;
			sourceTree = "<group>";
		};
		149473B72006945B00BB93E4 /* NCNews */ = {
			isa = PBXGroup;
			children = (
				14F0BA972011E01F00E79715 /* Readability */,
				1406C4E3200A87A9008FAD6D /* CoreData */,
				14FF37E3200A3E7B00443AB1 /* NCNews.entitlements */,
				149473B82006945B00BB93E4 /* AppDelegate.swift */,
				14FF37E8200A41C400443AB1 /* Sync */,
				14F268A220078BE60057C660 /* UI */,
				149473C42006945B00BB93E4 /* Assets.xcassets */,
				149473C62006945B00BB93E4 /* LaunchScreen.storyboard */,
				149473C92006945B00BB93E4 /* Info.plist */,
				149473BA2006945B00BB93E4 /* NCNews.xcdatamodeld */,
				14F0BA902011382000E79715 /* Core */,
				1468E852201875EA00533653 /* Settings.bundle */,
			);
			path = NCNews;
			sourceTree = "<group>";
		};
		149473D12006945B00BB93E4 /* NCNewsTests */ = {
			isa = PBXGroup;
			children = (
				149473D22006945B00BB93E4 /* NCNewsTests.swift */,
				149473D42006945B00BB93E4 /* Info.plist */,
			);
			path = NCNewsTests;
			sourceTree = "<group>";
		};
		149473DC2006945B00BB93E4 /* NCNewsUITests */ = {
			isa = PBXGroup;
			children = (
				149473DD2006945B00BB93E4 /* NCNewsUITests.swift */,
				149473DF2006945B00BB93E4 /* Info.plist */,
			);
			path = NCNewsUITests;
			sourceTree = "<group>";
		};
		149F61482025DBCD003D8C92 /* Adapters */ = {
			isa = PBXGroup;
			children = (
				14FF37E1200A2BD900443AB1 /* AccessTokenAdapter.swift */,
				14FF37EF200A5D9800443AB1 /* BasicAuthAdapter.swift */,
				14FF37E9200A41EE00443AB1 /* NextCloudAPIAdapter.swift */,
			);
			path = Adapters;
			sourceTree = "<group>";
		};
		14F0BA902011382000E79715 /* Core */ = {
			isa = PBXGroup;
			children = (
				14FF37E6200A3F0E00443AB1 /* KeychainConfiguration.swift */,
				14FF37E4200A3EEC00443AB1 /* KeychainPasswordItem.swift */,
				14F0BA912011384000E79715 /* DefaultConstants.swift */,
			);
			path = Core;
			sourceTree = "<group>";
		};
		14F0BA972011E01F00E79715 /* Readability */ = {
			isa = PBXGroup;
			children = (
				14F0BA982011E03A00E79715 /* ImageFinder.swift */,
			);
			path = Readability;
			sourceTree = "<group>";
		};
		14F268A220078BE60057C660 /* UI */ = {
			isa = PBXGroup;
			children = (
				149473BD2006945B00BB93E4 /* FolderViewController.swift */,
				149022C0200E873700D43050 /* FeedViewController.swift */,
				149022C2200E87FE00D43050 /* ItemViewController.swift */,
				149473BF2006945B00BB93E4 /* DetailViewController.swift */,
				149473C12006945B00BB93E4 /* Main.storyboard */,
				14F268A0200699C50057C660 /* LoginViewController.swift */,
				14FF37ED200A45F700443AB1 /* BasicAuthController.swift */,
				14FF37EB200A456400443AB1 /* OauthController.swift */,
				14F0BA8C2010EFF500E79715 /* NCColor.swift */,
				14F0BA8E2011364A00E79715 /* SettingsViewController.swift */,
				147078D320210621005836B9 /* ListViewController.swift */,
			);
			path = UI;
			sourceTree = "<group>";
		};
		14FF37E8200A41C400443AB1 /* Sync */ = {
			isa = PBXGroup;
			children = (
				14F268A320078C130057C660 /* NetworkManager.swift */,
				14FF37DF200A2B7B00443AB1 /* NetworkConvenience.swift */,
				149F61482025DBCD003D8C92 /* Adapters */,
				149F61492025DC0C003D8C92 /* DBManager.swift */,
				149F614B2025DCD8003D8C92 /* Sync.swift */,
			);
			path = Sync;
			sourceTree = "<group>";
		};
		BF09DEC3BFA4ECE22B412707 /* Frameworks */ = {
			isa = PBXGroup;
			children = (
				75176575875F12669E85E527 /* Pods_NCNews.framework */,
				CE1F17628A23F3C2C434991B /* Pods_NCNewsTests.framework */,
				A312B2BAFEF0E170F4016576 /* Pods_NCNewsUITests.framework */,
			);
			name = Frameworks;
			sourceTree = "<group>";
		};
		D22D2394E8FDF6077F15A59A /* Pods */ = {
			isa = PBXGroup;
			children = (
				ED491D43851C732A514D358A /* Pods-NCNews.debug.xcconfig */,
				929F5B74F114F0788F2D0546 /* Pods-NCNews.release.xcconfig */,
				2DB9D379A81C2AB17F321B82 /* Pods-NCNewsTests.debug.xcconfig */,
				10D1D51E0C56EB1EF273DCAC /* Pods-NCNewsTests.release.xcconfig */,
				8C69FBA8AF2EF401E3BECE73 /* Pods-NCNewsUITests.debug.xcconfig */,
				3E5307B56AF0FFC92870C0AC /* Pods-NCNewsUITests.release.xcconfig */,
			);
			name = Pods;
			sourceTree = "<group>";
		};
/* End PBXGroup section */

/* Begin PBXNativeTarget section */
		149473B42006945B00BB93E4 /* NCNews */ = {
			isa = PBXNativeTarget;
			buildConfigurationList = 149473E22006945B00BB93E4 /* Build configuration list for PBXNativeTarget "NCNews" */;
			buildPhases = (
				D0FC741874B039AAD2438BA7 /* [CP] Check Pods Manifest.lock */,
				1468E84F2018759E00533653 /* Credits */,
				1406C4F0200A87D0008FAD6D /* Swiftlint */,
				149473B12006945B00BB93E4 /* Sources */,
				149473B22006945B00BB93E4 /* Frameworks */,
				149473B32006945B00BB93E4 /* Resources */,
				CB397A87C48531E022F3711E /* [CP] Embed Pods Frameworks */,
				09D8BA16BC8086FC42A2F3B9 /* [CP] Copy Pods Resources */,
				145102DC2017E97800027400 /* Embed Frameworks */,
			);
			buildRules = (
			);
			dependencies = (
			);
			name = NCNews;
			productName = NCNews;
			productReference = 149473B52006945B00BB93E4 /* NCNews.app */;
			productType = "com.apple.product-type.application";
		};
		149473CD2006945B00BB93E4 /* NCNewsTests */ = {
			isa = PBXNativeTarget;
			buildConfigurationList = 149473E52006945B00BB93E4 /* Build configuration list for PBXNativeTarget "NCNewsTests" */;
			buildPhases = (
				CA63DD80DEF24B5DE57ACCE1 /* [CP] Check Pods Manifest.lock */,
				149473CA2006945B00BB93E4 /* Sources */,
				149473CB2006945B00BB93E4 /* Frameworks */,
				149473CC2006945B00BB93E4 /* Resources */,
				EA79DDC82B8E965F96EBB289 /* [CP] Embed Pods Frameworks */,
				EE83988499EB609DDEA69519 /* [CP] Copy Pods Resources */,
			);
			buildRules = (
			);
			dependencies = (
				149473D02006945B00BB93E4 /* PBXTargetDependency */,
			);
			name = NCNewsTests;
			productName = NCNewsTests;
			productReference = 149473CE2006945B00BB93E4 /* NCNewsTests.xctest */;
			productType = "com.apple.product-type.bundle.unit-test";
		};
		149473D82006945B00BB93E4 /* NCNewsUITests */ = {
			isa = PBXNativeTarget;
			buildConfigurationList = 149473E82006945B00BB93E4 /* Build configuration list for PBXNativeTarget "NCNewsUITests" */;
			buildPhases = (
				1263CA4287F6E88932AE9FCE /* [CP] Check Pods Manifest.lock */,
				149473D52006945B00BB93E4 /* Sources */,
				149473D62006945B00BB93E4 /* Frameworks */,
				149473D72006945B00BB93E4 /* Resources */,
				4B858A75E5B300766311DD45 /* [CP] Embed Pods Frameworks */,
				0DBD43F1CC450F7A4EF3647D /* [CP] Copy Pods Resources */,
			);
			buildRules = (
			);
			dependencies = (
				149473DB2006945B00BB93E4 /* PBXTargetDependency */,
			);
			name = NCNewsUITests;
			productName = NCNewsUITests;
			productReference = 149473D92006945B00BB93E4 /* NCNewsUITests.xctest */;
			productType = "com.apple.product-type.bundle.ui-testing";
		};
/* End PBXNativeTarget section */

/* Begin PBXProject section */
		149473AD2006945B00BB93E4 /* Project object */ = {
			isa = PBXProject;
			attributes = {
				LastSwiftUpdateCheck = 0920;
				LastUpgradeCheck = 0920;
				ORGANIZATIONNAME = "Sean Molenaar";
				TargetAttributes = {
					149473B42006945B00BB93E4 = {
						CreatedOnToolsVersion = 9.2;
						LastSwiftMigration = 0920;
						ProvisioningStyle = Automatic;
						SystemCapabilities = {
							com.apple.BackgroundModes = {
								enabled = 1;
							};
							com.apple.DataProtection = {
								enabled = 1;
							};
						};
					};
					149473CD2006945B00BB93E4 = {
						CreatedOnToolsVersion = 9.2;
						ProvisioningStyle = Automatic;
						TestTargetID = 149473B42006945B00BB93E4;
					};
					149473D82006945B00BB93E4 = {
						CreatedOnToolsVersion = 9.2;
						ProvisioningStyle = Automatic;
						TestTargetID = 149473B42006945B00BB93E4;
					};
				};
			};
			buildConfigurationList = 149473B02006945B00BB93E4 /* Build configuration list for PBXProject "NCNews" */;
			compatibilityVersion = "Xcode 8.0";
			developmentRegion = en;
			hasScannedForEncodings = 0;
			knownRegions = (
				en,
				Base,
			);
			mainGroup = 149473AC2006945B00BB93E4;
			productRefGroup = 149473B62006945B00BB93E4 /* Products */;
			projectDirPath = "";
			projectRoot = "";
			targets = (
				149473B42006945B00BB93E4 /* NCNews */,
				149473CD2006945B00BB93E4 /* NCNewsTests */,
				149473D82006945B00BB93E4 /* NCNewsUITests */,
			);
		};
/* End PBXProject section */

/* Begin PBXResourcesBuildPhase section */
		149473B32006945B00BB93E4 /* Resources */ = {
			isa = PBXResourcesBuildPhase;
			buildActionMask = 2147483647;
			files = (
				1468E853201875EA00533653 /* Settings.bundle in Resources */,
				149473C82006945B00BB93E4 /* LaunchScreen.storyboard in Resources */,
				149473C52006945B00BB93E4 /* Assets.xcassets in Resources */,
				149473C32006945B00BB93E4 /* Main.storyboard in Resources */,
			);
			runOnlyForDeploymentPostprocessing = 0;
		};
		149473CC2006945B00BB93E4 /* Resources */ = {
			isa = PBXResourcesBuildPhase;
			buildActionMask = 2147483647;
			files = (
			);
			runOnlyForDeploymentPostprocessing = 0;
		};
		149473D72006945B00BB93E4 /* Resources */ = {
			isa = PBXResourcesBuildPhase;
			buildActionMask = 2147483647;
			files = (
			);
			runOnlyForDeploymentPostprocessing = 0;
		};
/* End PBXResourcesBuildPhase section */

/* Begin PBXShellScriptBuildPhase section */
		09D8BA16BC8086FC42A2F3B9 /* [CP] Copy Pods Resources */ = {
			isa = PBXShellScriptBuildPhase;
			buildActionMask = 2147483647;
			files = (
			);
			inputPaths = (
			);
			name = "[CP] Copy Pods Resources";
			outputPaths = (
			);
			runOnlyForDeploymentPostprocessing = 0;
			shellPath = /bin/sh;
			shellScript = "\"${SRCROOT}/Pods/Target Support Files/Pods-NCNews/Pods-NCNews-resources.sh\"\n";
			showEnvVarsInLog = 0;
		};
		0DBD43F1CC450F7A4EF3647D /* [CP] Copy Pods Resources */ = {
			isa = PBXShellScriptBuildPhase;
			buildActionMask = 2147483647;
			files = (
			);
			inputPaths = (
			);
			name = "[CP] Copy Pods Resources";
			outputPaths = (
			);
			runOnlyForDeploymentPostprocessing = 0;
			shellPath = /bin/sh;
			shellScript = "\"${SRCROOT}/Pods/Target Support Files/Pods-NCNewsUITests/Pods-NCNewsUITests-resources.sh\"\n";
			showEnvVarsInLog = 0;
		};
		1263CA4287F6E88932AE9FCE /* [CP] Check Pods Manifest.lock */ = {
			isa = PBXShellScriptBuildPhase;
			buildActionMask = 2147483647;
			files = (
			);
			inputPaths = (
				"${PODS_PODFILE_DIR_PATH}/Podfile.lock",
				"${PODS_ROOT}/Manifest.lock",
			);
			name = "[CP] Check Pods Manifest.lock";
			outputPaths = (
				"$(DERIVED_FILE_DIR)/Pods-NCNewsUITests-checkManifestLockResult.txt",
			);
			runOnlyForDeploymentPostprocessing = 0;
			shellPath = /bin/sh;
			shellScript = "diff \"${PODS_PODFILE_DIR_PATH}/Podfile.lock\" \"${PODS_ROOT}/Manifest.lock\" > /dev/null\nif [ $? != 0 ] ; then\n    # print error to STDERR\n    echo \"error: The sandbox is not in sync with the Podfile.lock. Run 'pod install' or update your CocoaPods installation.\" >&2\n    exit 1\nfi\n# This output is used by Xcode 'outputs' to avoid re-running this script phase.\necho \"SUCCESS\" > \"${SCRIPT_OUTPUT_FILE_0}\"\n";
			showEnvVarsInLog = 0;
		};
		1406C4F0200A87D0008FAD6D /* Swiftlint */ = {
			isa = PBXShellScriptBuildPhase;
			buildActionMask = 2147483647;
			files = (
			);
			inputPaths = (
			);
			name = Swiftlint;
			outputPaths = (
			);
			runOnlyForDeploymentPostprocessing = 0;
			shellPath = /bin/sh;
			shellScript = "\"${PODS_ROOT}/SwiftLint/swiftlint\"";
		};
		1468E84F2018759E00533653 /* Credits */ = {
			isa = PBXShellScriptBuildPhase;
			buildActionMask = 2147483647;
			files = (
			);
			inputPaths = (
			);
			name = Credits;
			outputPaths = (
			);
			runOnlyForDeploymentPostprocessing = 0;
			shellPath = /bin/sh;
			shellScript = "./credits.py -s \"$SRCROOT\" -o \"$SRCROOT/NCNews/Settings.bundle/Credits.plist\"";
		};
		4B858A75E5B300766311DD45 /* [CP] Embed Pods Frameworks */ = {
			isa = PBXShellScriptBuildPhase;
			buildActionMask = 2147483647;
			files = (
			);
			inputPaths = (
			);
			name = "[CP] Embed Pods Frameworks";
			outputPaths = (
			);
			runOnlyForDeploymentPostprocessing = 0;
			shellPath = /bin/sh;
			shellScript = "\"${SRCROOT}/Pods/Target Support Files/Pods-NCNewsUITests/Pods-NCNewsUITests-frameworks.sh\"\n";
			showEnvVarsInLog = 0;
		};
		CA63DD80DEF24B5DE57ACCE1 /* [CP] Check Pods Manifest.lock */ = {
			isa = PBXShellScriptBuildPhase;
			buildActionMask = 2147483647;
			files = (
			);
			inputPaths = (
				"${PODS_PODFILE_DIR_PATH}/Podfile.lock",
				"${PODS_ROOT}/Manifest.lock",
			);
			name = "[CP] Check Pods Manifest.lock";
			outputPaths = (
				"$(DERIVED_FILE_DIR)/Pods-NCNewsTests-checkManifestLockResult.txt",
			);
			runOnlyForDeploymentPostprocessing = 0;
			shellPath = /bin/sh;
			shellScript = "diff \"${PODS_PODFILE_DIR_PATH}/Podfile.lock\" \"${PODS_ROOT}/Manifest.lock\" > /dev/null\nif [ $? != 0 ] ; then\n    # print error to STDERR\n    echo \"error: The sandbox is not in sync with the Podfile.lock. Run 'pod install' or update your CocoaPods installation.\" >&2\n    exit 1\nfi\n# This output is used by Xcode 'outputs' to avoid re-running this script phase.\necho \"SUCCESS\" > \"${SCRIPT_OUTPUT_FILE_0}\"\n";
			showEnvVarsInLog = 0;
		};
		CB397A87C48531E022F3711E /* [CP] Embed Pods Frameworks */ = {
			isa = PBXShellScriptBuildPhase;
			buildActionMask = 2147483647;
			files = (
			);
			inputPaths = (
				"${SRCROOT}/Pods/Target Support Files/Pods-NCNews/Pods-NCNews-frameworks.sh",
				"${BUILT_PRODUCTS_DIR}/Alamofire/Alamofire.framework",
				"${BUILT_PRODUCTS_DIR}/AlamofireImage/AlamofireImage.framework",
				"${BUILT_PRODUCTS_DIR}/AlamofireNetworkActivityIndicator/AlamofireNetworkActivityIndicator.framework",
				"${BUILT_PRODUCTS_DIR}/DATASource/DATASource.framework",
				"${BUILT_PRODUCTS_DIR}/OAuthSwift/OAuthSwift.framework",
				"${BUILT_PRODUCTS_DIR}/Sync/Sync.framework",
				"${BUILT_PRODUCTS_DIR}/TDBadgedCell/TDBadgedCell.framework",
			);
			name = "[CP] Embed Pods Frameworks";
			outputPaths = (
				"${TARGET_BUILD_DIR}/${FRAMEWORKS_FOLDER_PATH}/Alamofire.framework",
				"${TARGET_BUILD_DIR}/${FRAMEWORKS_FOLDER_PATH}/AlamofireImage.framework",
				"${TARGET_BUILD_DIR}/${FRAMEWORKS_FOLDER_PATH}/AlamofireNetworkActivityIndicator.framework",
				"${TARGET_BUILD_DIR}/${FRAMEWORKS_FOLDER_PATH}/DATASource.framework",
				"${TARGET_BUILD_DIR}/${FRAMEWORKS_FOLDER_PATH}/OAuthSwift.framework",
				"${TARGET_BUILD_DIR}/${FRAMEWORKS_FOLDER_PATH}/Sync.framework",
				"${TARGET_BUILD_DIR}/${FRAMEWORKS_FOLDER_PATH}/TDBadgedCell.framework",
			);
			runOnlyForDeploymentPostprocessing = 0;
			shellPath = /bin/sh;
			shellScript = "\"${SRCROOT}/Pods/Target Support Files/Pods-NCNews/Pods-NCNews-frameworks.sh\"\n";
			showEnvVarsInLog = 0;
		};
		D0FC741874B039AAD2438BA7 /* [CP] Check Pods Manifest.lock */ = {
			isa = PBXShellScriptBuildPhase;
			buildActionMask = 2147483647;
			files = (
			);
			inputPaths = (
				"${PODS_PODFILE_DIR_PATH}/Podfile.lock",
				"${PODS_ROOT}/Manifest.lock",
			);
			name = "[CP] Check Pods Manifest.lock";
			outputPaths = (
				"$(DERIVED_FILE_DIR)/Pods-NCNews-checkManifestLockResult.txt",
			);
			runOnlyForDeploymentPostprocessing = 0;
			shellPath = /bin/sh;
			shellScript = "diff \"${PODS_PODFILE_DIR_PATH}/Podfile.lock\" \"${PODS_ROOT}/Manifest.lock\" > /dev/null\nif [ $? != 0 ] ; then\n    # print error to STDERR\n    echo \"error: The sandbox is not in sync with the Podfile.lock. Run 'pod install' or update your CocoaPods installation.\" >&2\n    exit 1\nfi\n# This output is used by Xcode 'outputs' to avoid re-running this script phase.\necho \"SUCCESS\" > \"${SCRIPT_OUTPUT_FILE_0}\"\n";
			showEnvVarsInLog = 0;
		};
		EA79DDC82B8E965F96EBB289 /* [CP] Embed Pods Frameworks */ = {
			isa = PBXShellScriptBuildPhase;
			buildActionMask = 2147483647;
			files = (
			);
			inputPaths = (
			);
			name = "[CP] Embed Pods Frameworks";
			outputPaths = (
			);
			runOnlyForDeploymentPostprocessing = 0;
			shellPath = /bin/sh;
			shellScript = "\"${SRCROOT}/Pods/Target Support Files/Pods-NCNewsTests/Pods-NCNewsTests-frameworks.sh\"\n";
			showEnvVarsInLog = 0;
		};
		EE83988499EB609DDEA69519 /* [CP] Copy Pods Resources */ = {
			isa = PBXShellScriptBuildPhase;
			buildActionMask = 2147483647;
			files = (
			);
			inputPaths = (
			);
			name = "[CP] Copy Pods Resources";
			outputPaths = (
			);
			runOnlyForDeploymentPostprocessing = 0;
			shellPath = /bin/sh;
			shellScript = "\"${SRCROOT}/Pods/Target Support Files/Pods-NCNewsTests/Pods-NCNewsTests-resources.sh\"\n";
			showEnvVarsInLog = 0;
		};
/* End PBXShellScriptBuildPhase section */

/* Begin PBXSourcesBuildPhase section */
		149473B12006945B00BB93E4 /* Sources */ = {
			isa = PBXSourcesBuildPhase;
			buildActionMask = 2147483647;
			files = (
				14F268A420078C130057C660 /* NetworkManager.swift in Sources */,
				14FF37EC200A456400443AB1 /* OauthController.swift in Sources */,
				14F0BA8F2011364A00E79715 /* SettingsViewController.swift in Sources */,
				149F614A2025DC0C003D8C92 /* DBManager.swift in Sources */,
				149473B92006945B00BB93E4 /* AppDelegate.swift in Sources */,
				14FF37E0200A2B7B00443AB1 /* NetworkConvenience.swift in Sources */,
				149473BC2006945B00BB93E4 /* NCNews.xcdatamodeld in Sources */,
				14FF37E7200A3F0F00443AB1 /* KeychainConfiguration.swift in Sources */,
				14F0BA922011384000E79715 /* DefaultConstants.swift in Sources */,
				149473BE2006945B00BB93E4 /* FolderViewController.swift in Sources */,
				1406C4EB200A87A9008FAD6D /* Feed.swift in Sources */,
				147078D420210621005836B9 /* ListViewController.swift in Sources */,
				14FF37E5200A3EEC00443AB1 /* KeychainPasswordItem.swift in Sources */,
				149F614C2025DCD8003D8C92 /* Sync.swift in Sources */,
				149022C3200E87FE00D43050 /* ItemViewController.swift in Sources */,
				14FF37F0200A5D9800443AB1 /* BasicAuthAdapter.swift in Sources */,
				1406C4EA200A87A9008FAD6D /* FeedItem.swift in Sources */,
				14F0BA8D2010EFF500E79715 /* NCColor.swift in Sources */,
				149022C1200E873700D43050 /* FeedViewController.swift in Sources */,
				14F268A1200699C50057C660 /* LoginViewController.swift in Sources */,
				14FF37EA200A41EE00443AB1 /* NextCloudAPIAdapter.swift in Sources */,
				14FF37EE200A45F700443AB1 /* BasicAuthController.swift in Sources */,
				14F0BA992011E03A00E79715 /* ImageFinder.swift in Sources */,
				1406C4EE200A87A9008FAD6D /* Folder.swift in Sources */,
				149473C02006945B00BB93E4 /* DetailViewController.swift in Sources */,
				14FF37E2200A2BD900443AB1 /* AccessTokenAdapter.swift in Sources */,
				35CDFB801DFEDA43F9AC707B /* NCNewsObject.swift in Sources */,
			);
			runOnlyForDeploymentPostprocessing = 0;
		};
		149473CA2006945B00BB93E4 /* Sources */ = {
			isa = PBXSourcesBuildPhase;
			buildActionMask = 2147483647;
			files = (
				149473D32006945B00BB93E4 /* NCNewsTests.swift in Sources */,
			);
			runOnlyForDeploymentPostprocessing = 0;
		};
		149473D52006945B00BB93E4 /* Sources */ = {
			isa = PBXSourcesBuildPhase;
			buildActionMask = 2147483647;
			files = (
				149473DE2006945B00BB93E4 /* NCNewsUITests.swift in Sources */,
			);
			runOnlyForDeploymentPostprocessing = 0;
		};
/* End PBXSourcesBuildPhase section */

/* Begin PBXTargetDependency section */
		149473D02006945B00BB93E4 /* PBXTargetDependency */ = {
			isa = PBXTargetDependency;
			target = 149473B42006945B00BB93E4 /* NCNews */;
			targetProxy = 149473CF2006945B00BB93E4 /* PBXContainerItemProxy */;
		};
		149473DB2006945B00BB93E4 /* PBXTargetDependency */ = {
			isa = PBXTargetDependency;
			target = 149473B42006945B00BB93E4 /* NCNews */;
			targetProxy = 149473DA2006945B00BB93E4 /* PBXContainerItemProxy */;
		};
/* End PBXTargetDependency section */

/* Begin PBXVariantGroup section */
		149473C12006945B00BB93E4 /* Main.storyboard */ = {
			isa = PBXVariantGroup;
			children = (
				149473C22006945B00BB93E4 /* Base */,
			);
			name = Main.storyboard;
			sourceTree = "<group>";
		};
		149473C62006945B00BB93E4 /* LaunchScreen.storyboard */ = {
			isa = PBXVariantGroup;
			children = (
				149473C72006945B00BB93E4 /* Base */,
			);
			name = LaunchScreen.storyboard;
			sourceTree = "<group>";
		};
/* End PBXVariantGroup section */

/* Begin XCBuildConfiguration section */
		149473E02006945B00BB93E4 /* Debug */ = {
			isa = XCBuildConfiguration;
			buildSettings = {
				ALWAYS_SEARCH_USER_PATHS = NO;
				ARCHS = "$(ARCHS_STANDARD_64_BIT)";
				CLANG_ANALYZER_NONNULL = YES;
				CLANG_ANALYZER_NUMBER_OBJECT_CONVERSION = YES_AGGRESSIVE;
				CLANG_ENABLE_MODULES = YES;
				CLANG_ENABLE_OBJC_ARC = YES;
				CLANG_WARN_BLOCK_CAPTURE_AUTORELEASING = YES;
				CLANG_WARN_BOOL_CONVERSION = YES;
				CLANG_WARN_COMMA = YES;
				CLANG_WARN_CONSTANT_CONVERSION = YES;
				CLANG_WARN_DIRECT_OBJC_ISA_USAGE = YES_ERROR;
				CLANG_WARN_DOCUMENTATION_COMMENTS = YES;
				CLANG_WARN_EMPTY_BODY = YES;
				CLANG_WARN_ENUM_CONVERSION = YES;
				CLANG_WARN_INFINITE_RECURSION = YES;
				CLANG_WARN_INT_CONVERSION = YES;
				CLANG_WARN_NON_LITERAL_NULL_CONVERSION = YES;
				CLANG_WARN_OBJC_LITERAL_CONVERSION = YES;
				CLANG_WARN_OBJC_ROOT_CLASS = YES_ERROR;
				CLANG_WARN_RANGE_LOOP_ANALYSIS = YES;
				CLANG_WARN_STRICT_PROTOTYPES = YES;
				CLANG_WARN_SUSPICIOUS_MOVE = YES;
				CLANG_WARN_UNGUARDED_AVAILABILITY = YES_AGGRESSIVE;
				CLANG_WARN_UNREACHABLE_CODE = YES;
				CLANG_WARN__DUPLICATE_METHOD_MATCH = YES;
				COPY_PHASE_STRIP = NO;
				DEBUG_INFORMATION_FORMAT = dwarf;
				ENABLE_STRICT_OBJC_MSGSEND = YES;
				ENABLE_TESTABILITY = YES;
				GCC_DYNAMIC_NO_PIC = NO;
				GCC_NO_COMMON_BLOCKS = YES;
				GCC_OPTIMIZATION_LEVEL = 0;
				GCC_PREPROCESSOR_DEFINITIONS = (
					READABLE_DEBUG,
					READABLE_USE_LIBICU,
					"DEBUG=1",
					"$(inherited)",
				);
				GCC_WARN_64_TO_32_BIT_CONVERSION = YES;
				GCC_WARN_ABOUT_RETURN_TYPE = YES_ERROR;
				GCC_WARN_UNDECLARED_SELECTOR = YES;
				GCC_WARN_UNINITIALIZED_AUTOS = YES_AGGRESSIVE;
				GCC_WARN_UNUSED_FUNCTION = YES;
				GCC_WARN_UNUSED_VARIABLE = YES;
				HEADER_SEARCH_PATHS = (
					"$(SDKROOT)/usr/include/libxml2",
					"$(SDKROOT)/ICU/include",
				);
				IPHONEOS_DEPLOYMENT_TARGET = 11.2;
				MTL_ENABLE_DEBUG_INFO = YES;
				ONLY_ACTIVE_ARCH = NO;
				OTHER_LDFLAGS = "-Objc";
				SDKROOT = iphoneos;
				SWIFT_ACTIVE_COMPILATION_CONDITIONS = DEBUG;
				SWIFT_OPTIMIZATION_LEVEL = "-Onone";
				VALID_ARCHS = "x86_64 arm64 armv7 armv7s";
			};
			name = Debug;
		};
		149473E12006945B00BB93E4 /* Release */ = {
			isa = XCBuildConfiguration;
			buildSettings = {
				ALWAYS_SEARCH_USER_PATHS = NO;
				ARCHS = "$(ARCHS_STANDARD_64_BIT)";
				CLANG_ANALYZER_NONNULL = YES;
				CLANG_ANALYZER_NUMBER_OBJECT_CONVERSION = YES_AGGRESSIVE;
				CLANG_ENABLE_MODULES = YES;
				CLANG_ENABLE_OBJC_ARC = YES;
				CLANG_WARN_BLOCK_CAPTURE_AUTORELEASING = YES;
				CLANG_WARN_BOOL_CONVERSION = YES;
				CLANG_WARN_COMMA = YES;
				CLANG_WARN_CONSTANT_CONVERSION = YES;
				CLANG_WARN_DIRECT_OBJC_ISA_USAGE = YES_ERROR;
				CLANG_WARN_DOCUMENTATION_COMMENTS = YES;
				CLANG_WARN_EMPTY_BODY = YES;
				CLANG_WARN_ENUM_CONVERSION = YES;
				CLANG_WARN_INFINITE_RECURSION = YES;
				CLANG_WARN_INT_CONVERSION = YES;
				CLANG_WARN_NON_LITERAL_NULL_CONVERSION = YES;
				CLANG_WARN_OBJC_LITERAL_CONVERSION = YES;
				CLANG_WARN_OBJC_ROOT_CLASS = YES_ERROR;
				CLANG_WARN_RANGE_LOOP_ANALYSIS = YES;
				CLANG_WARN_STRICT_PROTOTYPES = YES;
				CLANG_WARN_SUSPICIOUS_MOVE = YES;
				CLANG_WARN_UNGUARDED_AVAILABILITY = YES_AGGRESSIVE;
				CLANG_WARN_UNREACHABLE_CODE = YES;
				CLANG_WARN__DUPLICATE_METHOD_MATCH = YES;
				COPY_PHASE_STRIP = NO;
				DEBUG_INFORMATION_FORMAT = "dwarf-with-dsym";
				ENABLE_NS_ASSERTIONS = NO;
				ENABLE_STRICT_OBJC_MSGSEND = YES;
				GCC_NO_COMMON_BLOCKS = YES;
				GCC_PREPROCESSOR_DEFINITIONS = READABLE_USE_LIBICU;
				GCC_WARN_64_TO_32_BIT_CONVERSION = YES;
				GCC_WARN_ABOUT_RETURN_TYPE = YES_ERROR;
				GCC_WARN_UNDECLARED_SELECTOR = YES;
				GCC_WARN_UNINITIALIZED_AUTOS = YES_AGGRESSIVE;
				GCC_WARN_UNUSED_FUNCTION = YES;
				GCC_WARN_UNUSED_VARIABLE = YES;
				HEADER_SEARCH_PATHS = (
					"$(SDKROOT)/usr/include/libxml2",
					"$(SDKROOT)/ICU/include",
				);
				IPHONEOS_DEPLOYMENT_TARGET = 11.2;
				MTL_ENABLE_DEBUG_INFO = NO;
				OTHER_LDFLAGS = "-Objc";
				SDKROOT = iphoneos;
				SWIFT_OPTIMIZATION_LEVEL = "-Owholemodule";
				VALIDATE_PRODUCT = YES;
				VALID_ARCHS = "x86_64 arm64 armv7 armv7s";
			};
			name = Release;
		};
		149473E32006945B00BB93E4 /* Debug */ = {
			isa = XCBuildConfiguration;
			baseConfigurationReference = ED491D43851C732A514D358A /* Pods-NCNews.debug.xcconfig */;
			buildSettings = {
				ASSETCATALOG_COMPILER_APPICON_NAME = AppIcon;
				CLANG_ENABLE_MODULES = YES;
				CODE_SIGN_ENTITLEMENTS = NCNews/NCNews.entitlements;
				"CODE_SIGN_IDENTITY[sdk=iphoneos*]" = "iPhone Developer";
				CODE_SIGN_STYLE = Automatic;
				DEVELOPMENT_TEAM = B6S5V56E82;
				INFOPLIST_FILE = NCNews/Info.plist;
				IPHONEOS_DEPLOYMENT_TARGET = 10.0;
				LD_RUNPATH_SEARCH_PATHS = "$(inherited) @executable_path/Frameworks";
				PRODUCT_BUNDLE_IDENTIFIER = eu.seanmolenaar.NCNews;
				PRODUCT_NAME = "$(TARGET_NAME)";
				PROVISIONING_PROFILE_SPECIFIER = "";
				SWIFT_OBJC_BRIDGING_HEADER = "NCNews-Bridging-Header.h";
				SWIFT_OPTIMIZATION_LEVEL = "-Onone";
				SWIFT_VERSION = 4.0;
				TARGETED_DEVICE_FAMILY = "1,2";
			};
			name = Debug;
		};
		149473E42006945B00BB93E4 /* Release */ = {
			isa = XCBuildConfiguration;
			baseConfigurationReference = 929F5B74F114F0788F2D0546 /* Pods-NCNews.release.xcconfig */;
			buildSettings = {
				ASSETCATALOG_COMPILER_APPICON_NAME = AppIcon;
				CLANG_ENABLE_MODULES = YES;
				CODE_SIGN_ENTITLEMENTS = NCNews/NCNews.entitlements;
				"CODE_SIGN_IDENTITY[sdk=iphoneos*]" = "iPhone Developer";
				CODE_SIGN_STYLE = Automatic;
				DEVELOPMENT_TEAM = B6S5V56E82;
				INFOPLIST_FILE = NCNews/Info.plist;
				IPHONEOS_DEPLOYMENT_TARGET = 10.0;
				LD_RUNPATH_SEARCH_PATHS = "$(inherited) @executable_path/Frameworks";
				PRODUCT_BUNDLE_IDENTIFIER = eu.seanmolenaar.NCNews;
				PRODUCT_NAME = "$(TARGET_NAME)";
				PROVISIONING_PROFILE_SPECIFIER = "";
				SWIFT_OBJC_BRIDGING_HEADER = "NCNews-Bridging-Header.h";
				SWIFT_VERSION = 4.0;
				TARGETED_DEVICE_FAMILY = "1,2";
			};
			name = Release;
		};
		149473E62006945B00BB93E4 /* Debug */ = {
			isa = XCBuildConfiguration;
			baseConfigurationReference = 2DB9D379A81C2AB17F321B82 /* Pods-NCNewsTests.debug.xcconfig */;
			buildSettings = {
				ALWAYS_EMBED_SWIFT_STANDARD_LIBRARIES = YES;
				BUNDLE_LOADER = "$(TEST_HOST)";
				CODE_SIGN_STYLE = Automatic;
				DEVELOPMENT_TEAM = B6S5V56E82;
				INFOPLIST_FILE = NCNewsTests/Info.plist;
				LD_RUNPATH_SEARCH_PATHS = "$(inherited) @executable_path/Frameworks @loader_path/Frameworks";
				PRODUCT_BUNDLE_IDENTIFIER = eu.seanmolenaar.NCNewsTests;
				PRODUCT_NAME = "$(TARGET_NAME)";
				SWIFT_VERSION = 4.0;
				TARGETED_DEVICE_FAMILY = "1,2";
				TEST_HOST = "$(BUILT_PRODUCTS_DIR)/NCNews.app/NCNews";
			};
			name = Debug;
		};
		149473E72006945B00BB93E4 /* Release */ = {
			isa = XCBuildConfiguration;
			baseConfigurationReference = 10D1D51E0C56EB1EF273DCAC /* Pods-NCNewsTests.release.xcconfig */;
			buildSettings = {
				ALWAYS_EMBED_SWIFT_STANDARD_LIBRARIES = YES;
				BUNDLE_LOADER = "$(TEST_HOST)";
				CODE_SIGN_STYLE = Automatic;
				DEVELOPMENT_TEAM = B6S5V56E82;
				INFOPLIST_FILE = NCNewsTests/Info.plist;
				LD_RUNPATH_SEARCH_PATHS = "$(inherited) @executable_path/Frameworks @loader_path/Frameworks";
				PRODUCT_BUNDLE_IDENTIFIER = eu.seanmolenaar.NCNewsTests;
				PRODUCT_NAME = "$(TARGET_NAME)";
				SWIFT_VERSION = 4.0;
				TARGETED_DEVICE_FAMILY = "1,2";
				TEST_HOST = "$(BUILT_PRODUCTS_DIR)/NCNews.app/NCNews";
			};
			name = Release;
		};
		149473E92006945B00BB93E4 /* Debug */ = {
			isa = XCBuildConfiguration;
			baseConfigurationReference = 8C69FBA8AF2EF401E3BECE73 /* Pods-NCNewsUITests.debug.xcconfig */;
			buildSettings = {
				ALWAYS_EMBED_SWIFT_STANDARD_LIBRARIES = YES;
				CODE_SIGN_STYLE = Automatic;
				DEVELOPMENT_TEAM = B6S5V56E82;
				INFOPLIST_FILE = NCNewsUITests/Info.plist;
				LD_RUNPATH_SEARCH_PATHS = "$(inherited) @executable_path/Frameworks @loader_path/Frameworks";
				PRODUCT_BUNDLE_IDENTIFIER = eu.seanmolenaar.NCNewsUITests;
				PRODUCT_NAME = "$(TARGET_NAME)";
				SWIFT_VERSION = 4.0;
				TARGETED_DEVICE_FAMILY = "1,2";
				TEST_TARGET_NAME = NCNews;
			};
			name = Debug;
		};
		149473EA2006945B00BB93E4 /* Release */ = {
			isa = XCBuildConfiguration;
			baseConfigurationReference = 3E5307B56AF0FFC92870C0AC /* Pods-NCNewsUITests.release.xcconfig */;
			buildSettings = {
				ALWAYS_EMBED_SWIFT_STANDARD_LIBRARIES = YES;
				CODE_SIGN_STYLE = Automatic;
				DEVELOPMENT_TEAM = B6S5V56E82;
				INFOPLIST_FILE = NCNewsUITests/Info.plist;
				LD_RUNPATH_SEARCH_PATHS = "$(inherited) @executable_path/Frameworks @loader_path/Frameworks";
				PRODUCT_BUNDLE_IDENTIFIER = eu.seanmolenaar.NCNewsUITests;
				PRODUCT_NAME = "$(TARGET_NAME)";
				SWIFT_VERSION = 4.0;
				TARGETED_DEVICE_FAMILY = "1,2";
				TEST_TARGET_NAME = NCNews;
			};
			name = Release;
		};
/* End XCBuildConfiguration section */

/* Begin XCConfigurationList section */
		149473B02006945B00BB93E4 /* Build configuration list for PBXProject "NCNews" */ = {
			isa = XCConfigurationList;
			buildConfigurations = (
				149473E02006945B00BB93E4 /* Debug */,
				149473E12006945B00BB93E4 /* Release */,
			);
			defaultConfigurationIsVisible = 0;
			defaultConfigurationName = Release;
		};
		149473E22006945B00BB93E4 /* Build configuration list for PBXNativeTarget "NCNews" */ = {
			isa = XCConfigurationList;
			buildConfigurations = (
				149473E32006945B00BB93E4 /* Debug */,
				149473E42006945B00BB93E4 /* Release */,
			);
			defaultConfigurationIsVisible = 0;
			defaultConfigurationName = Release;
		};
		149473E52006945B00BB93E4 /* Build configuration list for PBXNativeTarget "NCNewsTests" */ = {
			isa = XCConfigurationList;
			buildConfigurations = (
				149473E62006945B00BB93E4 /* Debug */,
				149473E72006945B00BB93E4 /* Release */,
			);
			defaultConfigurationIsVisible = 0;
			defaultConfigurationName = Release;
		};
		149473E82006945B00BB93E4 /* Build configuration list for PBXNativeTarget "NCNewsUITests" */ = {
			isa = XCConfigurationList;
			buildConfigurations = (
				149473E92006945B00BB93E4 /* Debug */,
				149473EA2006945B00BB93E4 /* Release */,
			);
			defaultConfigurationIsVisible = 0;
			defaultConfigurationName = Release;
		};
/* End XCConfigurationList section */

/* Begin XCVersionGroup section */
		149473BA2006945B00BB93E4 /* NCNews.xcdatamodeld */ = {
			isa = XCVersionGroup;
			children = (
				149473BB2006945B00BB93E4 /* NCNews.xcdatamodel */,
			);
			currentVersion = 149473BB2006945B00BB93E4 /* NCNews.xcdatamodel */;
			path = NCNews.xcdatamodeld;
			sourceTree = "<group>";
			versionGroupType = wrapper.xcdatamodel;
		};
/* End XCVersionGroup section */
	};
	rootObject = 149473AD2006945B00BB93E4 /* Project object */;
}
